// !$*UTF8*$!
{
	archiveVersion = 1;
	classes = {
	};
	objectVersion = 46;
	objects = {

/* Begin PBXBuildFile section */
		110F89751E93F27100E77F1E /* AppDelegate.swift in Sources */ = {isa = PBXBuildFile; fileRef = 110F89741E93F27100E77F1E /* AppDelegate.swift */; };
		110F898A1E93F27100E77F1E /* Tier1AppTests.swift in Sources */ = {isa = PBXBuildFile; fileRef = 110F89891E93F27100E77F1E /* Tier1AppTests.swift */; };
		110F89951E93F27100E77F1E /* Tier1AppUITests.swift in Sources */ = {isa = PBXBuildFile; fileRef = 110F89941E93F27100E77F1E /* Tier1AppUITests.swift */; };
		11F547291E93F60C00A8D64A /* AboutUs1.swift in Sources */ = {isa = PBXBuildFile; fileRef = 11F547141E93F60C00A8D64A /* AboutUs1.swift */; };
		11F5472A1E93F60C00A8D64A /* Alumni1.swift in Sources */ = {isa = PBXBuildFile; fileRef = 11F547151E93F60C00A8D64A /* Alumni1.swift */; };
		11F5472B1E93F60C00A8D64A /* Assets.xcassets in Resources */ = {isa = PBXBuildFile; fileRef = 11F547161E93F60C00A8D64A /* Assets.xcassets */; };
		11F5472C1E93F60C00A8D64A /* Base.lproj in Resources */ = {isa = PBXBuildFile; fileRef = 11F547171E93F60C00A8D64A /* Base.lproj */; };
		11F5472D1E93F60C00A8D64A /* Capital.swift in Sources */ = {isa = PBXBuildFile; fileRef = 11F547181E93F60C00A8D64A /* Capital.swift */; };
		11F5472E1E93F60C00A8D64A /* Capital1.swift in Sources */ = {isa = PBXBuildFile; fileRef = 11F547191E93F60C00A8D64A /* Capital1.swift */; };
		11F5472F1E93F60C00A8D64A /* Capital2.swift in Sources */ = {isa = PBXBuildFile; fileRef = 11F5471A1E93F60C00A8D64A /* Capital2.swift */; };
		11F547301E93F60C00A8D64A /* ContactUs1.swift in Sources */ = {isa = PBXBuildFile; fileRef = 11F5471B1E93F60C00A8D64A /* ContactUs1.swift */; };
		11F547311E93F60C00A8D64A /* Events1.swift in Sources */ = {isa = PBXBuildFile; fileRef = 11F5471C1E93F60C00A8D64A /* Events1.swift */; };
		11F547321E93F60C00A8D64A /* GlobalData.swift in Sources */ = {isa = PBXBuildFile; fileRef = 11F5471D1E93F60C00A8D64A /* GlobalData.swift */; };
		11F547331E93F60C00A8D64A /* Home.swift in Sources */ = {isa = PBXBuildFile; fileRef = 11F5471E1E93F60C00A8D64A /* Home.swift */; };
		11F547341E93F60C00A8D64A /* LinoBaseball.swift in Sources */ = {isa = PBXBuildFile; fileRef = 11F5471F1E93F60C00A8D64A /* LinoBaseball.swift */; };
		11F547351E93F60C00A8D64A /* LinoDirec1.swift in Sources */ = {isa = PBXBuildFile; fileRef = 11F547201E93F60C00A8D64A /* LinoDirec1.swift */; };
		11F547361E93F60C00A8D64A /* LinoSoftball.swift in Sources */ = {isa = PBXBuildFile; fileRef = 11F547211E93F60C00A8D64A /* LinoSoftball.swift */; };
		11F547371E93F60C00A8D64A /* Main.storyboard in Resources */ = {isa = PBXBuildFile; fileRef = 11F547221E93F60C00A8D64A /* Main.storyboard */; };
		11F547381E93F60C00A8D64A /* News1.swift in Sources */ = {isa = PBXBuildFile; fileRef = 11F547231E93F60C00A8D64A /* News1.swift */; };
		11F547391E93F60C00A8D64A /* SuccessStories1.swift in Sources */ = {isa = PBXBuildFile; fileRef = 11F547241E93F60C00A8D64A /* SuccessStories1.swift */; };
		11F5473A1E93F60C00A8D64A /* VadnaisBaseball.swift in Sources */ = {isa = PBXBuildFile; fileRef = 11F547251E93F60C00A8D64A /* VadnaisBaseball.swift */; };
		11F5473B1E93F60C00A8D64A /* VadnaisDirec1.swift in Sources */ = {isa = PBXBuildFile; fileRef = 11F547261E93F60C00A8D64A /* VadnaisDirec1.swift */; };
		11F5473C1E93F60C00A8D64A /* WoodburyBaseball.swift in Sources */ = {isa = PBXBuildFile; fileRef = 11F547271E93F60C00A8D64A /* WoodburyBaseball.swift */; };
		11F5473D1E93F60C00A8D64A /* WoodburyDirec1.swift in Sources */ = {isa = PBXBuildFile; fileRef = 11F547281E93F60C00A8D64A /* WoodburyDirec1.swift */; };
/* End PBXBuildFile section */

/* Begin PBXContainerItemProxy section */
		110F89861E93F27100E77F1E /* PBXContainerItemProxy */ = {
			isa = PBXContainerItemProxy;
			containerPortal = 110F89691E93F27100E77F1E /* Project object */;
			proxyType = 1;
			remoteGlobalIDString = 110F89701E93F27100E77F1E;
			remoteInfo = Tier1App;
		};
		110F89911E93F27100E77F1E /* PBXContainerItemProxy */ = {
			isa = PBXContainerItemProxy;
			containerPortal = 110F89691E93F27100E77F1E /* Project object */;
			proxyType = 1;
			remoteGlobalIDString = 110F89701E93F27100E77F1E;
			remoteInfo = Tier1App;
		};
/* End PBXContainerItemProxy section */

/* Begin PBXFileReference section */
		110F89711E93F27100E77F1E /* Tier1App.app */ = {isa = PBXFileReference; explicitFileType = wrapper.application; includeInIndex = 0; path = Tier1App.app; sourceTree = BUILT_PRODUCTS_DIR; };
		110F89741E93F27100E77F1E /* AppDelegate.swift */ = {isa = PBXFileReference; lastKnownFileType = sourcecode.swift; path = AppDelegate.swift; sourceTree = "<group>"; };
		110F89801E93F27100E77F1E /* Info.plist */ = {isa = PBXFileReference; lastKnownFileType = text.plist.xml; path = Info.plist; sourceTree = "<group>"; };
		110F89851E93F27100E77F1E /* Tier1AppTests.xctest */ = {isa = PBXFileReference; explicitFileType = wrapper.cfbundle; includeInIndex = 0; path = Tier1AppTests.xctest; sourceTree = BUILT_PRODUCTS_DIR; };
		110F89891E93F27100E77F1E /* Tier1AppTests.swift */ = {isa = PBXFileReference; lastKnownFileType = sourcecode.swift; path = Tier1AppTests.swift; sourceTree = "<group>"; };
		110F898B1E93F27100E77F1E /* Info.plist */ = {isa = PBXFileReference; lastKnownFileType = text.plist.xml; path = Info.plist; sourceTree = "<group>"; };
		110F89901E93F27100E77F1E /* Tier1AppUITests.xctest */ = {isa = PBXFileReference; explicitFileType = wrapper.cfbundle; includeInIndex = 0; path = Tier1AppUITests.xctest; sourceTree = BUILT_PRODUCTS_DIR; };
		110F89941E93F27100E77F1E /* Tier1AppUITests.swift */ = {isa = PBXFileReference; lastKnownFileType = sourcecode.swift; path = Tier1AppUITests.swift; sourceTree = "<group>"; };
		110F89961E93F27100E77F1E /* Info.plist */ = {isa = PBXFileReference; lastKnownFileType = text.plist.xml; path = Info.plist; sourceTree = "<group>"; };
		11F547141E93F60C00A8D64A /* AboutUs1.swift */ = {isa = PBXFileReference; fileEncoding = 4; lastKnownFileType = sourcecode.swift; path = AboutUs1.swift; sourceTree = "<group>"; };
		11F547151E93F60C00A8D64A /* Alumni1.swift */ = {isa = PBXFileReference; fileEncoding = 4; lastKnownFileType = sourcecode.swift; path = Alumni1.swift; sourceTree = "<group>"; };
		11F547161E93F60C00A8D64A /* Assets.xcassets */ = {isa = PBXFileReference; lastKnownFileType = folder.assetcatalog; path = Assets.xcassets; sourceTree = "<group>"; };
		11F547171E93F60C00A8D64A /* Base.lproj */ = {isa = PBXFileReference; lastKnownFileType = folder; path = Base.lproj; sourceTree = "<group>"; };
		11F547181E93F60C00A8D64A /* Capital.swift */ = {isa = PBXFileReference; fileEncoding = 4; lastKnownFileType = sourcecode.swift; path = Capital.swift; sourceTree = "<group>"; };
		11F547191E93F60C00A8D64A /* Capital1.swift */ = {isa = PBXFileReference; fileEncoding = 4; lastKnownFileType = sourcecode.swift; path = Capital1.swift; sourceTree = "<group>"; };
		11F5471A1E93F60C00A8D64A /* Capital2.swift */ = {isa = PBXFileReference; fileEncoding = 4; lastKnownFileType = sourcecode.swift; path = Capital2.swift; sourceTree = "<group>"; };
		11F5471B1E93F60C00A8D64A /* ContactUs1.swift */ = {isa = PBXFileReference; fileEncoding = 4; lastKnownFileType = sourcecode.swift; path = ContactUs1.swift; sourceTree = "<group>"; };
		11F5471C1E93F60C00A8D64A /* Events1.swift */ = {isa = PBXFileReference; fileEncoding = 4; lastKnownFileType = sourcecode.swift; path = Events1.swift; sourceTree = "<group>"; };
		11F5471D1E93F60C00A8D64A /* GlobalData.swift */ = {isa = PBXFileReference; fileEncoding = 4; lastKnownFileType = sourcecode.swift; path = GlobalData.swift; sourceTree = "<group>"; };
		11F5471E1E93F60C00A8D64A /* Home.swift */ = {isa = PBXFileReference; fileEncoding = 4; lastKnownFileType = sourcecode.swift; path = Home.swift; sourceTree = "<group>"; };
		11F5471F1E93F60C00A8D64A /* LinoBaseball.swift */ = {isa = PBXFileReference; fileEncoding = 4; lastKnownFileType = sourcecode.swift; path = LinoBaseball.swift; sourceTree = "<group>"; };
		11F547201E93F60C00A8D64A /* LinoDirec1.swift */ = {isa = PBXFileReference; fileEncoding = 4; lastKnownFileType = sourcecode.swift; path = LinoDirec1.swift; sourceTree = "<group>"; };
		11F547211E93F60C00A8D64A /* LinoSoftball.swift */ = {isa = PBXFileReference; fileEncoding = 4; lastKnownFileType = sourcecode.swift; path = LinoSoftball.swift; sourceTree = "<group>"; };
		11F547221E93F60C00A8D64A /* Main.storyboard */ = {isa = PBXFileReference; fileEncoding = 4; lastKnownFileType = file.storyboard; path = Main.storyboard; sourceTree = "<group>"; };
		11F547231E93F60C00A8D64A /* News1.swift */ = {isa = PBXFileReference; fileEncoding = 4; lastKnownFileType = sourcecode.swift; path = News1.swift; sourceTree = "<group>"; };
		11F547241E93F60C00A8D64A /* SuccessStories1.swift */ = {isa = PBXFileReference; fileEncoding = 4; lastKnownFileType = sourcecode.swift; path = SuccessStories1.swift; sourceTree = "<group>"; };
		11F547251E93F60C00A8D64A /* VadnaisBaseball.swift */ = {isa = PBXFileReference; fileEncoding = 4; lastKnownFileType = sourcecode.swift; path = VadnaisBaseball.swift; sourceTree = "<group>"; };
		11F547261E93F60C00A8D64A /* VadnaisDirec1.swift */ = {isa = PBXFileReference; fileEncoding = 4; lastKnownFileType = sourcecode.swift; path = VadnaisDirec1.swift; sourceTree = "<group>"; };
		11F547271E93F60C00A8D64A /* WoodburyBaseball.swift */ = {isa = PBXFileReference; fileEncoding = 4; lastKnownFileType = sourcecode.swift; path = WoodburyBaseball.swift; sourceTree = "<group>"; };
		11F547281E93F60C00A8D64A /* WoodburyDirec1.swift */ = {isa = PBXFileReference; fileEncoding = 4; lastKnownFileType = sourcecode.swift; path = WoodburyDirec1.swift; sourceTree = "<group>"; };
/* End PBXFileReference section */

/* Begin PBXFrameworksBuildPhase section */
		110F896E1E93F27100E77F1E /* Frameworks */ = {
			isa = PBXFrameworksBuildPhase;
			buildActionMask = 2147483647;
			files = (
			);
			runOnlyForDeploymentPostprocessing = 0;
		};
		110F89821E93F27100E77F1E /* Frameworks */ = {
			isa = PBXFrameworksBuildPhase;
			buildActionMask = 2147483647;
			files = (
			);
			runOnlyForDeploymentPostprocessing = 0;
		};
		110F898D1E93F27100E77F1E /* Frameworks */ = {
			isa = PBXFrameworksBuildPhase;
			buildActionMask = 2147483647;
			files = (
			);
			runOnlyForDeploymentPostprocessing = 0;
		};
/* End PBXFrameworksBuildPhase section */

/* Begin PBXGroup section */
		110F89681E93F27100E77F1E = {
			isa = PBXGroup;
			children = (
				110F89731E93F27100E77F1E /* Tier1App */,
				110F89881E93F27100E77F1E /* Tier1AppTests */,
				110F89931E93F27100E77F1E /* Tier1AppUITests */,
				110F89721E93F27100E77F1E /* Products */,
			);
			sourceTree = "<group>";
		};
		110F89721E93F27100E77F1E /* Products */ = {
			isa = PBXGroup;
			children = (
				110F89711E93F27100E77F1E /* Tier1App.app */,
				110F89851E93F27100E77F1E /* Tier1AppTests.xctest */,
				110F89901E93F27100E77F1E /* Tier1AppUITests.xctest */,
			);
			name = Products;
			sourceTree = "<group>";
		};
		110F89731E93F27100E77F1E /* Tier1App */ = {
			isa = PBXGroup;
			children = (
				11F547141E93F60C00A8D64A /* AboutUs1.swift */,
				11F547151E93F60C00A8D64A /* Alumni1.swift */,
				11F547161E93F60C00A8D64A /* Assets.xcassets */,
				11F547171E93F60C00A8D64A /* Base.lproj */,
				11F547181E93F60C00A8D64A /* Capital.swift */,
				11F547191E93F60C00A8D64A /* Capital1.swift */,
				11F5471A1E93F60C00A8D64A /* Capital2.swift */,
				11F5471B1E93F60C00A8D64A /* ContactUs1.swift */,
				11F5471C1E93F60C00A8D64A /* Events1.swift */,
				11F5471D1E93F60C00A8D64A /* GlobalData.swift */,
				11F5471E1E93F60C00A8D64A /* Home.swift */,
				11F5471F1E93F60C00A8D64A /* LinoBaseball.swift */,
				11F547201E93F60C00A8D64A /* LinoDirec1.swift */,
				11F547211E93F60C00A8D64A /* LinoSoftball.swift */,
				11F547221E93F60C00A8D64A /* Main.storyboard */,
				11F547231E93F60C00A8D64A /* News1.swift */,
				11F547241E93F60C00A8D64A /* SuccessStories1.swift */,
				11F547251E93F60C00A8D64A /* VadnaisBaseball.swift */,
				11F547261E93F60C00A8D64A /* VadnaisDirec1.swift */,
				11F547271E93F60C00A8D64A /* WoodburyBaseball.swift */,
				11F547281E93F60C00A8D64A /* WoodburyDirec1.swift */,
				110F89741E93F27100E77F1E /* AppDelegate.swift */,
				110F89801E93F27100E77F1E /* Info.plist */,
			);
			path = Tier1App;
			sourceTree = "<group>";
		};
		110F89881E93F27100E77F1E /* Tier1AppTests */ = {
			isa = PBXGroup;
			children = (
				110F89891E93F27100E77F1E /* Tier1AppTests.swift */,
				110F898B1E93F27100E77F1E /* Info.plist */,
			);
			path = Tier1AppTests;
			sourceTree = "<group>";
		};
		110F89931E93F27100E77F1E /* Tier1AppUITests */ = {
			isa = PBXGroup;
			children = (
				110F89941E93F27100E77F1E /* Tier1AppUITests.swift */,
				110F89961E93F27100E77F1E /* Info.plist */,
			);
			path = Tier1AppUITests;
			sourceTree = "<group>";
		};
/* End PBXGroup section */

/* Begin PBXNativeTarget section */
		110F89701E93F27100E77F1E /* Tier1App */ = {
			isa = PBXNativeTarget;
			buildConfigurationList = 110F89991E93F27100E77F1E /* Build configuration list for PBXNativeTarget "Tier1App" */;
			buildPhases = (
				110F896D1E93F27100E77F1E /* Sources */,
				110F896E1E93F27100E77F1E /* Frameworks */,
				110F896F1E93F27100E77F1E /* Resources */,
			);
			buildRules = (
			);
			dependencies = (
			);
			name = Tier1App;
			productName = Tier1App;
			productReference = 110F89711E93F27100E77F1E /* Tier1App.app */;
			productType = "com.apple.product-type.application";
		};
		110F89841E93F27100E77F1E /* Tier1AppTests */ = {
			isa = PBXNativeTarget;
			buildConfigurationList = 110F899C1E93F27100E77F1E /* Build configuration list for PBXNativeTarget "Tier1AppTests" */;
			buildPhases = (
				110F89811E93F27100E77F1E /* Sources */,
				110F89821E93F27100E77F1E /* Frameworks */,
				110F89831E93F27100E77F1E /* Resources */,
			);
			buildRules = (
			);
			dependencies = (
				110F89871E93F27100E77F1E /* PBXTargetDependency */,
			);
			name = Tier1AppTests;
			productName = Tier1AppTests;
			productReference = 110F89851E93F27100E77F1E /* Tier1AppTests.xctest */;
			productType = "com.apple.product-type.bundle.unit-test";
		};
		110F898F1E93F27100E77F1E /* Tier1AppUITests */ = {
			isa = PBXNativeTarget;
			buildConfigurationList = 110F899F1E93F27100E77F1E /* Build configuration list for PBXNativeTarget "Tier1AppUITests" */;
			buildPhases = (
				110F898C1E93F27100E77F1E /* Sources */,
				110F898D1E93F27100E77F1E /* Frameworks */,
				110F898E1E93F27100E77F1E /* Resources */,
			);
			buildRules = (
			);
			dependencies = (
				110F89921E93F27100E77F1E /* PBXTargetDependency */,
			);
			name = Tier1AppUITests;
			productName = Tier1AppUITests;
			productReference = 110F89901E93F27100E77F1E /* Tier1AppUITests.xctest */;
			productType = "com.apple.product-type.bundle.ui-testing";
		};
/* End PBXNativeTarget section */

/* Begin PBXProject section */
		110F89691E93F27100E77F1E /* Project object */ = {
			isa = PBXProject;
			attributes = {
				LastSwiftUpdateCheck = 0820;
				LastUpgradeCheck = 0820;
				ORGANIZATIONNAME = "CRESS, CONNER";
				TargetAttributes = {
					110F89701E93F27100E77F1E = {
						CreatedOnToolsVersion = 8.2.1;
						DevelopmentTeam = 86ZS98XJU5;
						ProvisioningStyle = Automatic;
					};
					110F89841E93F27100E77F1E = {
						CreatedOnToolsVersion = 8.2.1;
						DevelopmentTeam = 86ZS98XJU5;
						ProvisioningStyle = Automatic;
						TestTargetID = 110F89701E93F27100E77F1E;
					};
					110F898F1E93F27100E77F1E = {
						CreatedOnToolsVersion = 8.2.1;
						DevelopmentTeam = 86ZS98XJU5;
						ProvisioningStyle = Automatic;
						TestTargetID = 110F89701E93F27100E77F1E;
					};
				};
			};
			buildConfigurationList = 110F896C1E93F27100E77F1E /* Build configuration list for PBXProject "Tier1App" */;
			compatibilityVersion = "Xcode 3.2";
			developmentRegion = English;
			hasScannedForEncodings = 0;
			knownRegions = (
				en,
				Base,
			);
			mainGroup = 110F89681E93F27100E77F1E;
			productRefGroup = 110F89721E93F27100E77F1E /* Products */;
			projectDirPath = "";
			projectRoot = "";
			targets = (
				110F89701E93F27100E77F1E /* Tier1App */,
				110F89841E93F27100E77F1E /* Tier1AppTests */,
				110F898F1E93F27100E77F1E /* Tier1AppUITests */,
			);
		};
/* End PBXProject section */

/* Begin PBXResourcesBuildPhase section */
		110F896F1E93F27100E77F1E /* Resources */ = {
			isa = PBXResourcesBuildPhase;
			buildActionMask = 2147483647;
			files = (
				11F5472C1E93F60C00A8D64A /* Base.lproj in Resources */,
				11F547371E93F60C00A8D64A /* Main.storyboard in Resources */,
				11F5472B1E93F60C00A8D64A /* Assets.xcassets in Resources */,
			);
			runOnlyForDeploymentPostprocessing = 0;
		};
		110F89831E93F27100E77F1E /* Resources */ = {
			isa = PBXResourcesBuildPhase;
			buildActionMask = 2147483647;
			files = (
			);
			runOnlyForDeploymentPostprocessing = 0;
		};
		110F898E1E93F27100E77F1E /* Resources */ = {
			isa = PBXResourcesBuildPhase;
			buildActionMask = 2147483647;
			files = (
			);
			runOnlyForDeploymentPostprocessing = 0;
		};
/* End PBXResourcesBuildPhase section */

/* Begin PBXSourcesBuildPhase section */
		110F896D1E93F27100E77F1E /* Sources */ = {
			isa = PBXSourcesBuildPhase;
			buildActionMask = 2147483647;
			files = (
				11F547301E93F60C00A8D64A /* ContactUs1.swift in Sources */,
				11F547341E93F60C00A8D64A /* LinoBaseball.swift in Sources */,
				11F547381E93F60C00A8D64A /* News1.swift in Sources */,
				11F547391E93F60C00A8D64A /* SuccessStories1.swift in Sources */,
				11F547311E93F60C00A8D64A /* Events1.swift in Sources */,
				11F5473C1E93F60C00A8D64A /* WoodburyBaseball.swift in Sources */,
				11F547331E93F60C00A8D64A /* Home.swift in Sources */,
				11F5473A1E93F60C00A8D64A /* VadnaisBaseball.swift in Sources */,
				11F547351E93F60C00A8D64A /* LinoDirec1.swift in Sources */,
				11F547361E93F60C00A8D64A /* LinoSoftball.swift in Sources */,
				11F547291E93F60C00A8D64A /* AboutUs1.swift in Sources */,
				110F89751E93F27100E77F1E /* AppDelegate.swift in Sources */,
				11F5472F1E93F60C00A8D64A /* Capital2.swift in Sources */,
				11F5473D1E93F60C00A8D64A /* WoodburyDirec1.swift in Sources */,
				11F547321E93F60C00A8D64A /* GlobalData.swift in Sources */,
				11F5473B1E93F60C00A8D64A /* VadnaisDirec1.swift in Sources */,
				11F5472A1E93F60C00A8D64A /* Alumni1.swift in Sources */,
				11F5472E1E93F60C00A8D64A /* Capital1.swift in Sources */,
				11F5472D1E93F60C00A8D64A /* Capital.swift in Sources */,
			);
			runOnlyForDeploymentPostprocessing = 0;
		};
		110F89811E93F27100E77F1E /* Sources */ = {
			isa = PBXSourcesBuildPhase;
			buildActionMask = 2147483647;
			files = (
				110F898A1E93F27100E77F1E /* Tier1AppTests.swift in Sources */,
			);
			runOnlyForDeploymentPostprocessing = 0;
		};
		110F898C1E93F27100E77F1E /* Sources */ = {
			isa = PBXSourcesBuildPhase;
			buildActionMask = 2147483647;
			files = (
				110F89951E93F27100E77F1E /* Tier1AppUITests.swift in Sources */,
			);
			runOnlyForDeploymentPostprocessing = 0;
		};
/* End PBXSourcesBuildPhase section */

/* Begin PBXTargetDependency section */
		110F89871E93F27100E77F1E /* PBXTargetDependency */ = {
			isa = PBXTargetDependency;
			target = 110F89701E93F27100E77F1E /* Tier1App */;
			targetProxy = 110F89861E93F27100E77F1E /* PBXContainerItemProxy */;
		};
		110F89921E93F27100E77F1E /* PBXTargetDependency */ = {
			isa = PBXTargetDependency;
			target = 110F89701E93F27100E77F1E /* Tier1App */;
			targetProxy = 110F89911E93F27100E77F1E /* PBXContainerItemProxy */;
		};
/* End PBXTargetDependency section */

/* Begin XCBuildConfiguration section */
		110F89971E93F27100E77F1E /* Debug */ = {
			isa = XCBuildConfiguration;
			buildSettings = {
				ALWAYS_SEARCH_USER_PATHS = NO;
				CLANG_ANALYZER_NONNULL = YES;
				CLANG_CXX_LANGUAGE_STANDARD = "gnu++0x";
				CLANG_CXX_LIBRARY = "libc++";
				CLANG_ENABLE_MODULES = YES;
				CLANG_ENABLE_OBJC_ARC = YES;
				CLANG_WARN_BOOL_CONVERSION = YES;
				CLANG_WARN_CONSTANT_CONVERSION = YES;
				CLANG_WARN_DIRECT_OBJC_ISA_USAGE = YES_ERROR;
				CLANG_WARN_DOCUMENTATION_COMMENTS = YES;
				CLANG_WARN_EMPTY_BODY = YES;
				CLANG_WARN_ENUM_CONVERSION = YES;
				CLANG_WARN_INFINITE_RECURSION = YES;
				CLANG_WARN_INT_CONVERSION = YES;
				CLANG_WARN_OBJC_ROOT_CLASS = YES_ERROR;
				CLANG_WARN_SUSPICIOUS_MOVE = YES;
				CLANG_WARN_UNREACHABLE_CODE = YES;
				CLANG_WARN__DUPLICATE_METHOD_MATCH = YES;
				"CODE_SIGN_IDENTITY[sdk=iphoneos*]" = "iPhone Developer";
				COPY_PHASE_STRIP = NO;
				DEBUG_INFORMATION_FORMAT = dwarf;
				ENABLE_STRICT_OBJC_MSGSEND = YES;
				ENABLE_TESTABILITY = YES;
				GCC_C_LANGUAGE_STANDARD = gnu99;
				GCC_DYNAMIC_NO_PIC = NO;
				GCC_NO_COMMON_BLOCKS = YES;
				GCC_OPTIMIZATION_LEVEL = 0;
				GCC_PREPROCESSOR_DEFINITIONS = (
					"DEBUG=1",
					"$(inherited)",
				);
				GCC_WARN_64_TO_32_BIT_CONVERSION = YES;
				GCC_WARN_ABOUT_RETURN_TYPE = YES_ERROR;
				GCC_WARN_UNDECLARED_SELECTOR = YES;
				GCC_WARN_UNINITIALIZED_AUTOS = YES_AGGRESSIVE;
				GCC_WARN_UNUSED_FUNCTION = YES;
				GCC_WARN_UNUSED_VARIABLE = YES;
				IPHONEOS_DEPLOYMENT_TARGET = 10.2;
				MTL_ENABLE_DEBUG_INFO = YES;
				ONLY_ACTIVE_ARCH = YES;
				SDKROOT = iphoneos;
				SWIFT_ACTIVE_COMPILATION_CONDITIONS = DEBUG;
				SWIFT_OPTIMIZATION_LEVEL = "-Onone";
			};
			name = Debug;
		};
		110F89981E93F27100E77F1E /* Release */ = {
			isa = XCBuildConfiguration;
			buildSettings = {
				ALWAYS_SEARCH_USER_PATHS = NO;
				CLANG_ANALYZER_NONNULL = YES;
				CLANG_CXX_LANGUAGE_STANDARD = "gnu++0x";
				CLANG_CXX_LIBRARY = "libc++";
				CLANG_ENABLE_MODULES = YES;
				CLANG_ENABLE_OBJC_ARC = YES;
				CLANG_WARN_BOOL_CONVERSION = YES;
				CLANG_WARN_CONSTANT_CONVERSION = YES;
				CLANG_WARN_DIRECT_OBJC_ISA_USAGE = YES_ERROR;
				CLANG_WARN_DOCUMENTATION_COMMENTS = YES;
				CLANG_WARN_EMPTY_BODY = YES;
				CLANG_WARN_ENUM_CONVERSION = YES;
				CLANG_WARN_INFINITE_RECURSION = YES;
				CLANG_WARN_INT_CONVERSION = YES;
				CLANG_WARN_OBJC_ROOT_CLASS = YES_ERROR;
				CLANG_WARN_SUSPICIOUS_MOVE = YES;
				CLANG_WARN_UNREACHABLE_CODE = YES;
				CLANG_WARN__DUPLICATE_METHOD_MATCH = YES;
				"CODE_SIGN_IDENTITY[sdk=iphoneos*]" = "iPhone Developer";
				COPY_PHASE_STRIP = NO;
				DEBUG_INFORMATION_FORMAT = "dwarf-with-dsym";
				ENABLE_NS_ASSERTIONS = NO;
				ENABLE_STRICT_OBJC_MSGSEND = YES;
				GCC_C_LANGUAGE_STANDARD = gnu99;
				GCC_NO_COMMON_BLOCKS = YES;
				GCC_WARN_64_TO_32_BIT_CONVERSION = YES;
				GCC_WARN_ABOUT_RETURN_TYPE = YES_ERROR;
				GCC_WARN_UNDECLARED_SELECTOR = YES;
				GCC_WARN_UNINITIALIZED_AUTOS = YES_AGGRESSIVE;
				GCC_WARN_UNUSED_FUNCTION = YES;
				GCC_WARN_UNUSED_VARIABLE = YES;
				IPHONEOS_DEPLOYMENT_TARGET = 10.2;
				MTL_ENABLE_DEBUG_INFO = NO;
				SDKROOT = iphoneos;
				SWIFT_OPTIMIZATION_LEVEL = "-Owholemodule";
				VALIDATE_PRODUCT = YES;
			};
			name = Release;
		};
		110F899A1E93F27100E77F1E /* Debug */ = {
			isa = XCBuildConfiguration;
			buildSettings = {
				ASSETCATALOG_COMPILER_APPICON_NAME = AppIcon;
				DEVELOPMENT_TEAM = 86ZS98XJU5;
				INFOPLIST_FILE = Tier1App/Info.plist;
				LD_RUNPATH_SEARCH_PATHS = "$(inherited) @executable_path/Frameworks";
				PRODUCT_BUNDLE_IDENTIFIER = "Crolman-corp..Tier1App";
				PRODUCT_NAME = "$(TARGET_NAME)";
				SWIFT_VERSION = 3.0;
			};
			name = Debug;
		};
		110F899B1E93F27100E77F1E /* Release */ = {
			isa = XCBuildConfiguration;
			buildSettings = {
				ASSETCATALOG_COMPILER_APPICON_NAME = AppIcon;
				DEVELOPMENT_TEAM = 86ZS98XJU5;
				INFOPLIST_FILE = Tier1App/Info.plist;
				LD_RUNPATH_SEARCH_PATHS = "$(inherited) @executable_path/Frameworks";
				PRODUCT_BUNDLE_IDENTIFIER = "Crolman-corp..Tier1App";
				PRODUCT_NAME = "$(TARGET_NAME)";
				SWIFT_VERSION = 3.0;
			};
			name = Release;
		};
		110F899D1E93F27100E77F1E /* Debug */ = {
			isa = XCBuildConfiguration;
			buildSettings = {
				ALWAYS_EMBED_SWIFT_STANDARD_LIBRARIES = YES;
				BUNDLE_LOADER = "$(TEST_HOST)";
				DEVELOPMENT_TEAM = 86ZS98XJU5;
				INFOPLIST_FILE = Tier1AppTests/Info.plist;
				LD_RUNPATH_SEARCH_PATHS = "$(inherited) @executable_path/Frameworks @loader_path/Frameworks";
				PRODUCT_BUNDLE_IDENTIFIER = "Crolman-corp..Tier1AppTests";
				PRODUCT_NAME = "$(TARGET_NAME)";
				SWIFT_VERSION = 3.0;
				TEST_HOST = "$(BUILT_PRODUCTS_DIR)/Tier1App.app/Tier1App";
			};
			name = Debug;
		};
		110F899E1E93F27100E77F1E /* Release */ = {
			isa = XCBuildConfiguration;
			buildSettings = {
				ALWAYS_EMBED_SWIFT_STANDARD_LIBRARIES = YES;
				BUNDLE_LOADER = "$(TEST_HOST)";
				DEVELOPMENT_TEAM = 86ZS98XJU5;
				INFOPLIST_FILE = Tier1AppTests/Info.plist;
				LD_RUNPATH_SEARCH_PATHS = "$(inherited) @executable_path/Frameworks @loader_path/Frameworks";
				PRODUCT_BUNDLE_IDENTIFIER = "Crolman-corp..Tier1AppTests";
				PRODUCT_NAME = "$(TARGET_NAME)";
				SWIFT_VERSION = 3.0;
				TEST_HOST = "$(BUILT_PRODUCTS_DIR)/Tier1App.app/Tier1App";
			};
			name = Release;
		};
		110F89A01E93F27100E77F1E /* Debug */ = {
			isa = XCBuildConfiguration;
			buildSettings = {
				ALWAYS_EMBED_SWIFT_STANDARD_LIBRARIES = YES;
				DEVELOPMENT_TEAM = 86ZS98XJU5;
				INFOPLIST_FILE = Tier1AppUITests/Info.plist;
				LD_RUNPATH_SEARCH_PATHS = "$(inherited) @executable_path/Frameworks @loader_path/Frameworks";
				PRODUCT_BUNDLE_IDENTIFIER = "Crolman-corp..Tier1AppUITests";
				PRODUCT_NAME = "$(TARGET_NAME)";
				SWIFT_VERSION = 3.0;
				TEST_TARGET_NAME = Tier1App;
			};
			name = Debug;
		};
		110F89A11E93F27100E77F1E /* Release */ = {
			isa = XCBuildConfiguration;
			buildSettings = {
				ALWAYS_EMBED_SWIFT_STANDARD_LIBRARIES = YES;
				DEVELOPMENT_TEAM = 86ZS98XJU5;
				INFOPLIST_FILE = Tier1AppUITests/Info.plist;
				LD_RUNPATH_SEARCH_PATHS = "$(inherited) @executable_path/Frameworks @loader_path/Frameworks";
				PRODUCT_BUNDLE_IDENTIFIER = "Crolman-corp..Tier1AppUITests";
				PRODUCT_NAME = "$(TARGET_NAME)";
				SWIFT_VERSION = 3.0;
				TEST_TARGET_NAME = Tier1App;
			};
			name = Release;
		};
/* End XCBuildConfiguration section */

/* Begin XCConfigurationList section */
		110F896C1E93F27100E77F1E /* Build configuration list for PBXProject "Tier1App" */ = {
			isa = XCConfigurationList;
			buildConfigurations = (
				110F89971E93F27100E77F1E /* Debug */,
				110F89981E93F27100E77F1E /* Release */,
			);
			defaultConfigurationIsVisible = 0;
			defaultConfigurationName = Release;
		};
		110F89991E93F27100E77F1E /* Build configuration list for PBXNativeTarget "Tier1App" */ = {
			isa = XCConfigurationList;
			buildConfigurations = (
				110F899A1E93F27100E77F1E /* Debug */,
				110F899B1E93F27100E77F1E /* Release */,
			);
			defaultConfigurationIsVisible = 0;
			defaultConfigurationName = Release;
		};
		110F899C1E93F27100E77F1E /* Build configuration list for PBXNativeTarget "Tier1AppTests" */ = {
			isa = XCConfigurationList;
			buildConfigurations = (
				110F899D1E93F27100E77F1E /* Debug */,
				110F899E1E93F27100E77F1E /* Release */,
			);
			defaultConfigurationIsVisible = 0;
			defaultConfigurationName = Release;
		};
		110F899F1E93F27100E77F1E /* Build configuration list for PBXNativeTarget "Tier1AppUITests" */ = {
			isa = XCConfigurationList;
			buildConfigurations = (
				110F89A01E93F27100E77F1E /* Debug */,
				110F89A11E93F27100E77F1E /* Release */,
			);
			defaultConfigurationIsVisible = 0;
			defaultConfigurationName = Release;
		};
/* End XCConfigurationList section */
	};
	rootObject = 110F89691E93F27100E77F1E /* Project object */;
}
